
Microsoft Visual Studio Solution File, Format Version 12.00
# Visual Studio 15
VisualStudioVersion = 15.0.26124.0
MinimumVisualStudioVersion = 15.0.26124.0
Project("{2150E333-8FDC-42A3-9474-1A3956D46DE8}") = "src", "src", "{83F0295F-94B3-4265-97CC-CC4A758E8BE2}"
EndProject
Project("{FAE04EC0-301F-11D3-BF4B-00C04F79EFBC}") = "CSharpDemos", "src\CSharpDemos\CSharpDemos.csproj", "{C388C620-7AAB-4265-A87D-C25F54C6ADAA}"
EndProject
Global
	GlobalSection(SolutionConfigurationPlatforms) = preSolution
		Debug|Any CPU = Debug|Any CPU
		Debug|x64 = Debug|x64
		Debug|x86 = Debug|x86
		Release|Any CPU = Release|Any CPU
		Release|x64 = Release|x64
		Release|x86 = Release|x86
	EndGlobalSection
	GlobalSection(SolutionProperties) = preSolution
		HideSolutionNode = FALSE
	EndGlobalSection
	GlobalSection(ProjectConfigurationPlatforms) = postSolution
		{C388C620-7AAB-4265-A87D-C25F54C6ADAA}.Debug|Any CPU.ActiveCfg = Debug|Any CPU
		{C388C620-7AAB-4265-A87D-C25F54C6ADAA}.Debug|Any CPU.Build.0 = Debug|Any CPU
		{C388C620-7AAB-4265-A87D-C25F54C6ADAA}.Debug|x64.ActiveCfg = Debug|Any CPU
		{C388C620-7AAB-4265-A87D-C25F54C6ADAA}.Debug|x64.Build.0 = Debug|Any CPU
		{C388C620-7AAB-4265-A87D-C25F54C6ADAA}.Debug|x86.ActiveCfg = Debug|Any CPU
		{C388C620-7AAB-4265-A87D-C25F54C6ADAA}.Debug|x86.Build.0 = Debug|Any CPU
		{C388C620-7AAB-4265-A87D-C25F54C6ADAA}.Release|Any CPU.ActiveCfg = Release|Any CPU
		{C388C620-7AAB-4265-A87D-C25F54C6ADAA}.Release|Any CPU.Build.0 = Release|Any CPU
		{C388C620-7AAB-4265-A87D-C25F54C6ADAA}.Release|x64.ActiveCfg = Release|Any CPU
		{C388C620-7AAB-4265-A87D-C25F54C6ADAA}.Release|x64.Build.0 = Release|Any CPU
		{C388C620-7AAB-4265-A87D-C25F54C6ADAA}.Release|x86.ActiveCfg = Release|Any CPU
		{C388C620-7AAB-4265-A87D-C25F54C6ADAA}.Release|x86.Build.0 = Release|Any CPU
	EndGlobalSection
	GlobalSection(NestedProjects) = preSolution
		{C388C620-7AAB-4265-A87D-C25F54C6ADAA} = {83F0295F-94B3-4265-97CC-CC4A758E8BE2}
	EndGlobalSection
EndGlobal
